
Microsoft Visual Studio Solution File, Format Version 12.00
# Visual Studio Version 17
VisualStudioVersion = 17.7.34202.233
MinimumVisualStudioVersion = 10.0.40219.1
Project("{FAE04EC0-301F-11D3-BF4B-00C04F79EFBC}") = "DAQsystem", "DAQSystem\DAQsystem.csproj", "{50BAE7B4-EA34-4C69-B269-DDB30614AF16}"
EndProject
Global
	GlobalSection(SolutionConfigurationPlatforms) = preSolution
		Debug|Any CPU = Debug|Any CPU
		Release|Any CPU = Release|Any CPU
	EndGlobalSection
	GlobalSection(ProjectConfigurationPlatforms) = postSolution
		{50BAE7B4-EA34-4C69-B269-DDB30614AF16}.Debug|Any CPU.ActiveCfg = Debug|Any CPU
		{50BAE7B4-EA34-4C69-B269-DDB30614AF16}.Debug|Any CPU.Build.0 = Debug|Any CPU
		{50BAE7B4-EA34-4C69-B269-DDB30614AF16}.Release|Any CPU.ActiveCfg = Release|Any CPU
		{50BAE7B4-EA34-4C69-B269-DDB30614AF16}.Release|Any CPU.Build.0 = Release|Any CPU
	EndGlobalSection
	GlobalSection(SolutionProperties) = preSolution
		HideSolutionNode = FALSE
	EndGlobalSection
	GlobalSection(ExtensibilityGlobals) = postSolution
		SolutionGuid = {88880CBA-A3AB-4D8A-885E-4CE85447B66F}
	EndGlobalSection
EndGlobal
